{
  "name": "sunbird-pdf-player",
  "version": "0.0.1",
  "lockfileVersion": 1,
  "requires": true,
  "dependencies": {
    "lodash.deburr": {
      "version": "4.1.0",
      "resolved": "https://registry.npmjs.org/lodash.deburr/-/lodash.deburr-4.1.0.tgz",
      "integrity": "sha1-3bG7s+8HRYwBd7oH3hRCLLAz/5s="
    },
    "ngx-extended-pdf-viewer": {
      "version": "4.1.2",
      "resolved": "https://registry.npmjs.org/ngx-extended-pdf-viewer/-/ngx-extended-pdf-viewer-4.1.2.tgz",
      "integrity": "sha512-Tpixb4KB8Ygk4HjygBeYmUSGDBm6Tq/69Dl4tMAhB6WO8J+m2XJd3+WmgKQ1N88IY/jhltQ8WcTvOsAIi8dqWw==",
      "requires": {
        "lodash.deburr": "^4.1.0",
        "tslib": "^1.9.0"
      }
    },
    "tslib": {
      "version": "1.13.0",
      "resolved": "https://registry.npmjs.org/tslib/-/tslib-1.13.0.tgz",
      "integrity": "sha512-i/6DQjL8Xf3be4K/E6Wgpekn5Qasl1usyw++dAA35Ue5orEn65VIxOA+YvNNl9HV3qv70T7CNwjODHZrLwvd1Q=="
    }
  }
}
