{
  "name": "sunbird-pdf-player",
  "version": "0.0.13",
  "lockfileVersion": 1,
  "requires": true,
  "dependencies": {
    "@project-sunbird/client-services": {
      "version": "3.3.27",
      "resolved": "https://registry.npmjs.org/@project-sunbird/client-services/-/client-services-3.3.27.tgz",
      "integrity": "sha512-6BsdQGJ1EU0pgZUIWUSTBjZ5kbFi/Cnpox9xymbPmUSmu442OP89ZYpwyCYJAyv+kNXjGvmS5nJJLohC6S48HQ==",
      "dev": true,
      "requires": {
        "inversify": "^5.0.1",
        "qs": "^6.9.4",
        "reflect-metadata": "^0.1.13",
        "whatwg-fetch": "^3.1.0"
      }
    },
    "@project-sunbird/sb-styles": {
      "version": "0.0.7",
      "resolved": "https://registry.npmjs.org/@project-sunbird/sb-styles/-/sb-styles-0.0.7.tgz",
      "integrity": "sha512-XirxDLdQnaKJC+tFh4IAD05ULHS7DE9ZkNsPRHglWzly8erTXe6M1DAL+XWKYVFLf+GK9U6HVKlvvxIUpRCiVw==",
      "dev": true
    },
    "@project-sunbird/sunbird-player-sdk": {
      "version": "file:../../../sunbird-player-sdk/dist/sunbird-player-sdk/project-sunbird-sunbird-player-sdk-0.0.1.tgz",
      "integrity": "sha512-iBWeGxS+4mnDoHOK/QkfhXBC+/r9c3qu+qudx2Knhp8eBHjvyb6qIHJQtKw1UmG2CTaANyTVOBQoXXBSjCTRuQ==",
      "requires": {
        "tslib": "^1.9.0"
      }
    },
    "inversify": {
      "version": "5.0.1",
      "resolved": "https://registry.npmjs.org/inversify/-/inversify-5.0.1.tgz",
      "integrity": "sha512-Ieh06s48WnEYGcqHepdsJUIJUXpwH5o5vodAX+DK2JA/gjy4EbEcQZxw+uFfzysmKjiLXGYwNG3qDZsKVMcINQ==",
      "dev": true
    },
    "qs": {
      "version": "6.9.4",
      "resolved": "https://registry.npmjs.org/qs/-/qs-6.9.4.tgz",
      "integrity": "sha512-A1kFqHekCTM7cz0udomYUoYNWjBebHm/5wzU/XqrBRBNWectVH0QIiN+NEcZ0Dte5hvzHwbr8+XQmguPhJ6WdQ==",
      "dev": true
    },
    "reflect-metadata": {
      "version": "0.1.13",
      "resolved": "https://registry.npmjs.org/reflect-metadata/-/reflect-metadata-0.1.13.tgz",
      "integrity": "sha512-Ts1Y/anZELhSsjMcU605fU9RE4Oi3p5ORujwbIKXfWa+0Zxs510Qrmrce5/Jowq3cHSZSJqBjypxmHarc+vEWg==",
      "dev": true
    },
    "tslib": {
      "version": "1.14.0",
      "resolved": "https://registry.npmjs.org/tslib/-/tslib-1.14.0.tgz",
      "integrity": "sha512-+Zw5lu0D9tvBMjGP8LpvMb0u2WW2QV3y+D8mO6J+cNzCYIN4sVy43Bf9vl92nqFahutN0I8zHa7cc4vihIshnw=="
    },
    "whatwg-fetch": {
      "version": "3.4.1",
      "resolved": "https://registry.npmjs.org/whatwg-fetch/-/whatwg-fetch-3.4.1.tgz",
      "integrity": "sha512-sofZVzE1wKwO+EYPbWfiwzaKovWiZXf4coEzjGP9b2GBVgQRLQUZ2QcuPpQExGDAW5GItpEm6Tl4OU5mywnAoQ==",
      "dev": true
    }
  }
}
